(setq el-get-lock-package-versions
      '((typescript-mode :checksum "d81cc7278276b8d3a163e14fe5396126eff0475d")
        (scala-mode :checksum "c90bbde5ff29c23b1545c7b29edba453fc33f393")
        (yasnippet :checksum "0d79e6988ec371279fc1c23733c7371bd21927ee")
        (csharp-mode :checksum "a631944161af0de659695dcfad19940f65716175")
        (word-count :checksum "6267c98e0d9a3951e667da9bace5aaf5033f4906")
        (seq :checksum "0bfd9873323910170c6754e7e8a2e59ef0b0579d")
        (web-mode :checksum "867ea7c5d7f3d9bb41127dac364c0fb009adc7bf")
        (graphviz-dot-mode :checksum "d11f15b490be23eaabd65ee791c8810f4cf3ebec")
        (pcre2el :checksum "75db0d537ab2b7f27bc7d4ff01141843a85fa3c9")
        (evil-leader :checksum "39f7014bcf8b36463e0c7512c638bda4bac6c2cf")
        (sbt-mode :checksum "f1514212d86643c4bf1657ff6682b66472a69362")
        (noflet :checksum "7ae84dc3257637af7334101456dafe1759c6b68a")
        (company-mode :checksum "5fc4a9a0b0c75f4f128ad01ca8befd1928399c86")
        (projectile :checksum "4c2b610b327a1c21e8a06143477bc5e7a49862b7")
        (f :checksum "05410117f2c150e5976e945abd63bce4937c12e8")
        (ensime :checksum "fddb0f3574cd9870d8774c143a42a93e1b219121")
        (s :checksum "e59915ec6fc35983fa4a164ff2a3f73df135ca88")
        (scala-mode2 :checksum "c5ab65732c000baf08b50da96a839e7aa6620084")
        (multi-mode+evil :checksum "62ed0b30685dbe5d9b10be918c56e255a7189177")
        (init-loader :checksum "128ee76adbf431f0b8c30a3a29cb20c9c5100cde")
        (tarao-evil-plugins :checksum "732885472f9f5f4168c6cb10492247911020bbc7")
        (evil-surround :checksum "28466957f91c8e494c93caa08122510b3f8288a0")
        (evil :checksum "ee9053dbc63617aacf6bb7afff44e3a6e5717ecb")
        (goto-chg :checksum "50e58f9e6bb0b8b8e3a24ed817ff78512a770448")
        (yaml-mode :checksum "210b0759deec33605248af9b315c0e9af4a5c0bc")
        (zencoding-mode :checksum "58e42af182c98cb9941d27cd042d227fbf4e146c")
        (textarea :checksum "c6e92c29063b56dc0067e40c215bd3fe4fe6a327")
        (auctex :checksum "61fbbce678e4ad570672b50712f951dc1e6aa02d")
        (term+mux :checksum "81b60e80cf008472bfd7fad9233af2ef722c208a")
        (tab-group :checksum "5a290ec2608e4100fb188fd60ecb77affcc3465b")
        (term+ :checksum "090807985673755720c5533b2fc684f88a3554ad")
        (ddskk :checksum "e5ea22aab666da31594d8ef26d3acf11e07f3c74")
        (rdoc-mode :checksum "039d90ba8486eb51dce77a9fb2a3c1f07725b6a8")
        (cperl-mode :checksum "06f5668653a114991836139344dbe8f0674577af")
        (markdown-mode :checksum "0d12efd2939b0735c8b730041f168132d6df96ab")
        (browse-kill-ring :checksum "f81ca5f14479fa9e938f89bf8f6baa3c4bdfb755")
        (howm :checksum "72a3d4b3f7bbbd2bb44303816837b036c5f7c767")
        (hatena-diary :checksum "a6a27a7906cd0b86b74f074c3134001c3be6faf3")
        (hatena-multi-mode :checksum "0377e1b80a0db136faedc986867e625f9c731b15")
        (multi-mode-util :checksum "69938795eb55f62e19142c4ce88750988c8e6a16")
        (multi-mode :checksum "17af8ca51ef1e549c4ed3a3b305483e23383e1f4")
        (hatena-markup-mode :checksum "4ebce87254cdc727144c639372dfd909947e3d75")
        (go-eldoc :checksum "3d5da978e22224208be12a713cf02cf317ce6238")
        (go-autocomplete :checksum "3109790fda3785bbad336e3dd85aaaa4604dbe8b")
        (flycheck :checksum "aede0493ac2607e1f4e18565e1592404dbab5d0a")
        (pkg-info :checksum "475cdeb0b8d44f9854e506c429eeb445787014ec")
        (epl :checksum "63c78c08e345455f3d4daa844fdc551a2c18024e")
        (dash :checksum "26c1bbe371db3cff89d4915488a55e381ee51fe5")
        (go-mode :checksum "7041a203c64c1319a61eadc45dd41e40ccda3e78")
        (less-css-mode :checksum "e64a4fe2ba685fa4a5fb6641f9118da1f54d99e0")
        (switch-window :checksum "cd4b06121aa5bac4c4b13b63526a99008def5f2b")
        (color-moccur :checksum "f834f30dfffebf82543a73a4c2bf2e61d9f0d5c6")
        (eldoc-extension :checksum "a74cfbe05115afb18b671588b7f63d37d6b2b895")
        (c-eldoc :checksum "633a55c449db41ed450e5797feafa55d67e833d7")
        (git-messenger :checksum "ff954c176dd33efd53025a9ada8b037cc5e1a60e")
        (git-gutter-fringe :checksum "c12179ece35538c94d7928572f523a7145f1fb49")
        (fringe-helper :checksum "ef4a9c023bae18ec1ddd7265f1f2d6d2e775efdd")
        (git-gutter :checksum "6dfd5f5a40f21d7bb774331631b226fd372e5e7d")
        (shell-history :checksum "237bc8e1f528c35f415e471cb2918b6b792081b8")
        (undo-tree :checksum "a3e81b682053a81e082139300ef0a913a7a610a2")
        (auto-complete :checksum "8978bd77257a3fe4a166cd335cc217f9fac521ea")
        (fuzzy :checksum "b430d88acae151af542df2449fb7551b621840a1")
        (popup :checksum "d1dd7c4b5f517e82de4a2bc8f1c75c9cf77f6843")
        (anything-git-files :checksum "efeec4f8001e2a95f36a9c31181bb30f7561015c")
        (descbinds-anything :checksum "2b07a3f1ccb9eabacf35a55dacccd6d11f55f9a4")
        (anything :checksum "61abe6de925f8cc8d4f57d2286c31f828a5234a0")
        (zlc :checksum "224790312447a66782b0b4569597b4db0377b9ee")
        (yascroll :checksum "50e0cc2b32832d34fae70a3483fc3e752739369b")
        (fic-mode :checksum "bf3f9c373fdcf24b7f47f54dcfc111c0e4eaf6b2")
        (tarao-elisp :checksum "b9f6a7c1002248ce0f6a56bc720dafb5b77437be")
        (with-eval-after-load-feature :checksum "0b38651a5f0dafdfe04bd0032eb5ff803e99460b")
        (el-get-lock :checksum "046ffb568c6964ea30813338234aea2d60a5c632")))
(setq el-get-lock-locked-packages 'nil)
(setq el-get-lock-unlocked-packages
      '(inf-ruby zenburn-theme el-get))
