(setq el-get-lock-package-versions
      '((treemacs-evil :checksum "1ce0bd487f0b9178744e19bbc48b6692c55c590c")
        (lsp-metals :checksum "2d7e06ae5fff226f8674d798b32a9ec84517698a")
        (treemacs :checksum "1ce0bd487f0b9178744e19bbc48b6692c55c590c")
        (ace-window :checksum "c7cb315c14e36fded5ac4096e158497ae974bec9")
        (avy :checksum "bbf1e7339eba06784dfe86643bb0fbddf5bb0342")
        (pfuture :checksum "d7926de3ba0105a36cfd00811fd6278aea903eef")
        (posframe :checksum "922e4d239f7a083213d856de67a9686a091b1e27")
        (lsp-treemacs :checksum "fc47d96897272b333224e1190eddbeb29acda3b1")
        (dap-mode :checksum "34f21e1f514c8fb9998f5773c7f499edc406fc48")
        (bui :checksum "28a9b0a36cb69b931cf32db7546ad5c6589752cf")
        (transient :checksum "73694be44a802cac89bfe0798e2a4aeb79e39ead")
        (hydra :checksum "8a9124f80b6919ad5288172b3e9f46c5332763ca")
        (bloop :checksum "53a178009eff4c4acb22d9749cd1dc44006afab4")
        (scala-bootstrap :checksum "a355bb88d7fd1948a438e7d0d4c27e5a3effb380")
        (lsp-mode :checksum "7ce0d789a313b84ef7c1b00b63a3db4cc0959fbe")
        (f :checksum "1814209e2ff43cf2e6d38c4cd476218915f550fb")
        (helm-lsp :checksum "5c960e7800dc8f4432f3a1466a637d484b87dc35")
        (company-box :checksum "452f083f6c11793a3723224bce42898a2bedc0e1")
        (lsp-ui :checksum "7d5326430eb88a58e111cb22ffa42c7d131e5052")
        (dash :checksum "732d92eac56023a4fb4a5dc3d9d4e274ebf44bf9")
        (ht :checksum "5650a8cd190badb49d28d21e72a2f55c9380de7b")
        (spinner :checksum "d15e7a7b6395be69acda9d6464acc81d3e2ad07d")
        (color-moccur :checksum "4f1c59ffd1ccc2ab1a171cd6b721e8cb9e002fb7")
        (undo-tree :checksum "e9a9102f515acd7523158f20e83f300600374989")
        (evil :checksum "25fc5c6647979357cf3e39f0667a9b7ae5266af9")
        (goto-chg :checksum "e5b38e4e1378f6ea48fa9e8439f49c2998654aa4")
        (popwin :checksum "95dea14c60019d6cccf9a3b33e0dec4e1f22c304")
        (inf-ruby :checksum "af4f238ef4555521d13c5eb2fb8e818acf59d70a")
        (cvim-edit :checksum "03f1e3c02a742e15d8b79f59d8ef7395d1d0d534")
        (elnode :checksum "305c532b6e59f58c4afcfb76466dbfbdc4e58b9c")
        (db :checksum "b3a423fb8e72f9013009cbe033d654df2ce31438")
        (kv :checksum "721148475bce38a70e0b678ba8aa923652e8900e")
        (web :checksum "483188dac4bc6b409b985c9dae45f3324a425efd")
        (fakir :checksum "1fca406ad7de80fece6319ff75d4230b648534b0")
        (auctex :checksum "1b71eb6142fe5dad11f2b59d7cc7daa020bc0e1c")
        (ediff-side-by-side :checksum "7de50ad95d5ff6ad2cf624578214eac16e96095f")
        (magit :checksum "485ee181564655d21c0770a4e021f7b805f4d643")
        (with-editor :checksum "7c512887c6d69864fb600d32fb92857c51babcff")
        (emacs-async :checksum "0e327f72bdffc5bc4a1fbc34a8da1b7066e819b3")
        (helm-git-grep :checksum "744cea07dba6e6a5effbdba83f1b786c78fd86d3")
        (helm-descbinds :checksum "b4ad76372a1b9f4415322d210b3888423247693d")
        (helm-git-files :checksum "043c6c1b38f33c0ef6534350c355299014fb8d3d")
        (helm :checksum "cd485aa60edbd4d669442e7ea729802a480da674")
        (typescript-mode :checksum "1cea84486f937946a90caacf2a7c86ca855d1c9d")
        (scala-mode :checksum "54fa36f69fb0e683b48f02d29581cfca66f64445")
        (yasnippet :checksum "d3d6d70b1cd4818d271752468e0fdb0788db750d")
        (csharp-mode :checksum "a631944161af0de659695dcfad19940f65716175")
        (word-count :checksum "6267c98e0d9a3951e667da9bace5aaf5033f4906")
        (web-mode :checksum "e4304bcfa0c5121522ba2a5db75af8a2e4e81246")
        (graphviz-dot-mode :checksum "3642a0a5f41a80c8ecef7c6143d514200b80e194")
        (pcre2el :checksum "75db0d537ab2b7f27bc7d4ff01141843a85fa3c9")
        (evil-leader :checksum "39f7014bcf8b36463e0c7512c638bda4bac6c2cf")
        (sbt-mode :checksum "e658af140547cbef495c33535c7f694a501d318c")
        (noflet :checksum "7ae84dc3257637af7334101456dafe1759c6b68a")
        (company-mode :checksum "1f56bec0ba7ce336eb8661b4d34e4b024d7dd04c")
        (projectile :checksum "4c2b610b327a1c21e8a06143477bc5e7a49862b7")
        (s :checksum "03410e6a7a2b11e47e1fea3b7d9899c7df26435e")
        (scala-mode2 :checksum "c5ab65732c000baf08b50da96a839e7aa6620084")
        (multi-mode+evil :checksum "62ed0b30685dbe5d9b10be918c56e255a7189177")
        (init-loader :checksum "128ee76adbf431f0b8c30a3a29cb20c9c5100cde")
        (tarao-evil-plugins :checksum "732885472f9f5f4168c6cb10492247911020bbc7")
        (evil-surround :checksum "28466957f91c8e494c93caa08122510b3f8288a0")
        (yaml-mode :checksum "210b0759deec33605248af9b315c0e9af4a5c0bc")
        (zencoding-mode :checksum "58e42af182c98cb9941d27cd042d227fbf4e146c")
        (textarea :checksum "c6e92c29063b56dc0067e40c215bd3fe4fe6a327")
        (term+mux :checksum "81b60e80cf008472bfd7fad9233af2ef722c208a")
        (tab-group :checksum "5a290ec2608e4100fb188fd60ecb77affcc3465b")
        (term+ :checksum "090807985673755720c5533b2fc684f88a3554ad")
        (ddskk :checksum "e5ea22aab666da31594d8ef26d3acf11e07f3c74")
        (rdoc-mode :checksum "039d90ba8486eb51dce77a9fb2a3c1f07725b6a8")
        (cperl-mode :checksum "c536c5fa0d03aabc059950f823ca04de9ca700e7")
        (markdown-mode :checksum "e9dff50d572caa96b68a7466c18c97a8d6ed651c")
        (browse-kill-ring :checksum "f81ca5f14479fa9e938f89bf8f6baa3c4bdfb755")
        (hatena-diary :checksum "a6a27a7906cd0b86b74f074c3134001c3be6faf3")
        (hatena-multi-mode :checksum "0377e1b80a0db136faedc986867e625f9c731b15")
        (multi-mode-util :checksum "69938795eb55f62e19142c4ce88750988c8e6a16")
        (multi-mode :checksum "17af8ca51ef1e549c4ed3a3b305483e23383e1f4")
        (hatena-markup-mode :checksum "4ebce87254cdc727144c639372dfd909947e3d75")
        (flycheck :checksum "c02cd773dded0215f9417ec04dfe8dabda63ef43")
        (pkg-info :checksum "475cdeb0b8d44f9854e506c429eeb445787014ec")
        (epl :checksum "63c78c08e345455f3d4daa844fdc551a2c18024e")
        (go-mode :checksum "734d5232455ffde088021ea5908849ac570e890f")
        (less-css-mode :checksum "e64a4fe2ba685fa4a5fb6641f9118da1f54d99e0")
        (switch-window :checksum "cd4b06121aa5bac4c4b13b63526a99008def5f2b")
        (eldoc-extension :checksum "a74cfbe05115afb18b671588b7f63d37d6b2b895")
        (c-eldoc :checksum "633a55c449db41ed450e5797feafa55d67e833d7")
        (git-messenger :checksum "e53e1f1c3d8a8de0f0d1deb9a07f340e4bb13021")
        (git-gutter-fringe :checksum "c12179ece35538c94d7928572f523a7145f1fb49")
        (fringe-helper :checksum "ef4a9c023bae18ec1ddd7265f1f2d6d2e775efdd")
        (git-gutter :checksum "6dfd5f5a40f21d7bb774331631b226fd372e5e7d")
        (shell-history :checksum "237bc8e1f528c35f415e471cb2918b6b792081b8")
        (auto-complete :checksum "2e83566ddfa758c69afe50b8a1c62a66f47471e3")
        (fuzzy :checksum "b430d88acae151af542df2449fb7551b621840a1")
        (popup :checksum "80829dd46381754639fb764da11c67235fe63282")
        (zlc :checksum "224790312447a66782b0b4569597b4db0377b9ee")
        (yascroll :checksum "9e828920d1931da66a473a66019922b9c3b729f5")
        (fic-mode :checksum "bf3f9c373fdcf24b7f47f54dcfc111c0e4eaf6b2")
        (tarao-elisp :checksum "b9f6a7c1002248ce0f6a56bc720dafb5b77437be")
        (with-eval-after-load-feature :checksum "0b38651a5f0dafdfe04bd0032eb5ff803e99460b")
        (el-get-lock :checksum "df8cfe55441695865a64b97946750b6413a40425")))
(setq el-get-lock-locked-packages 'nil)
(setq el-get-lock-unlocked-packages
      '(zenburn-theme seq el-get))
